
Microsoft Visual Studio Solution File, Format Version 12.00
# Visual Studio Version 17
VisualStudioVersion = 17.4.33122.133
MinimumVisualStudioVersion = 10.0.40219.1
Project("{9A19103F-16F7-4668-BE54-9A1E7A4F7556}") = "tp_final", "tp_final.csproj", "{43F10133-BF95-4E9F-A1F2-61A6F10A1D4F}"
EndProject
Project("{FAE04EC0-301F-11D3-BF4B-00C04F79EFBC}") = "testFelix", "..\testFelix\testFelix.csproj", "{D45E7C8F-206C-4991-9702-3253E8EA1CBD}"
EndProject
Global
	GlobalSection(SolutionConfigurationPlatforms) = preSolution
		Debug|Any CPU = Debug|Any CPU
		Release|Any CPU = Release|Any CPU
	EndGlobalSection
	GlobalSection(ProjectConfigurationPlatforms) = postSolution
		{43F10133-BF95-4E9F-A1F2-61A6F10A1D4F}.Debug|Any CPU.ActiveCfg = Debug|Any CPU
		{43F10133-BF95-4E9F-A1F2-61A6F10A1D4F}.Debug|Any CPU.Build.0 = Debug|Any CPU
		{43F10133-BF95-4E9F-A1F2-61A6F10A1D4F}.Release|Any CPU.ActiveCfg = Release|Any CPU
		{43F10133-BF95-4E9F-A1F2-61A6F10A1D4F}.Release|Any CPU.Build.0 = Release|Any CPU
		{D45E7C8F-206C-4991-9702-3253E8EA1CBD}.Debug|Any CPU.ActiveCfg = Debug|Any CPU
		{D45E7C8F-206C-4991-9702-3253E8EA1CBD}.Debug|Any CPU.Build.0 = Debug|Any CPU
		{D45E7C8F-206C-4991-9702-3253E8EA1CBD}.Release|Any CPU.ActiveCfg = Release|Any CPU
		{D45E7C8F-206C-4991-9702-3253E8EA1CBD}.Release|Any CPU.Build.0 = Release|Any CPU
	EndGlobalSection
	GlobalSection(SolutionProperties) = preSolution
		HideSolutionNode = FALSE
	EndGlobalSection
	GlobalSection(ExtensibilityGlobals) = postSolution
		SolutionGuid = {BDF5EC59-6E26-4EEA-839F-F0CDF8D54D91}
	EndGlobalSection
EndGlobal
